
Microsoft Visual Studio Solution File, Format Version 12.00
# Visual Studio Version 17
VisualStudioVersion = 17.3.32929.385
MinimumVisualStudioVersion = 10.0.40219.1
Project("{FAE04EC0-301F-11D3-BF4B-00C04F79EFBC}") = "Electrophysics", "Electrophysics\Electrophysics.csproj", "{AA84C523-3808-4B02-A8F9-211FDAC41BE8}"
EndProject
Project("{FAE04EC0-301F-11D3-BF4B-00C04F79EFBC}") = "ClassLibrary", "ClassLibrary\ClassLibrary.csproj", "{9C2B3244-6B44-48BB-B040-CF8520C78101}"
EndProject
Project("{FAE04EC0-301F-11D3-BF4B-00C04F79EFBC}") = "WpfCustomControlLibrary1", "WpfCustomControlLibrary1\WpfCustomControlLibrary1.csproj", "{BEABB131-433C-40CA-9D83-00F98F88868D}"
EndProject
Global
	GlobalSection(SolutionConfigurationPlatforms) = preSolution
		Debug|Any CPU = Debug|Any CPU
		Release|Any CPU = Release|Any CPU
	EndGlobalSection
	GlobalSection(ProjectConfigurationPlatforms) = postSolution
		{AA84C523-3808-4B02-A8F9-211FDAC41BE8}.Debug|Any CPU.ActiveCfg = Debug|Any CPU
		{AA84C523-3808-4B02-A8F9-211FDAC41BE8}.Debug|Any CPU.Build.0 = Debug|Any CPU
		{AA84C523-3808-4B02-A8F9-211FDAC41BE8}.Release|Any CPU.ActiveCfg = Release|Any CPU
		{AA84C523-3808-4B02-A8F9-211FDAC41BE8}.Release|Any CPU.Build.0 = Release|Any CPU
		{9C2B3244-6B44-48BB-B040-CF8520C78101}.Debug|Any CPU.ActiveCfg = Debug|Any CPU
		{9C2B3244-6B44-48BB-B040-CF8520C78101}.Debug|Any CPU.Build.0 = Debug|Any CPU
		{9C2B3244-6B44-48BB-B040-CF8520C78101}.Release|Any CPU.ActiveCfg = Release|Any CPU
		{9C2B3244-6B44-48BB-B040-CF8520C78101}.Release|Any CPU.Build.0 = Release|Any CPU
		{BEABB131-433C-40CA-9D83-00F98F88868D}.Debug|Any CPU.ActiveCfg = Debug|Any CPU
		{BEABB131-433C-40CA-9D83-00F98F88868D}.Debug|Any CPU.Build.0 = Debug|Any CPU
		{BEABB131-433C-40CA-9D83-00F98F88868D}.Release|Any CPU.ActiveCfg = Release|Any CPU
		{BEABB131-433C-40CA-9D83-00F98F88868D}.Release|Any CPU.Build.0 = Release|Any CPU
	EndGlobalSection
	GlobalSection(SolutionProperties) = preSolution
		HideSolutionNode = FALSE
	EndGlobalSection
	GlobalSection(ExtensibilityGlobals) = postSolution
		SolutionGuid = {1E0BE679-2999-4800-AB0E-4FF01EAD613B}
	EndGlobalSection
EndGlobal
